// !$*UTF8*$!
{
	archiveVersion = 1;
	classes = {
	};
	objectVersion = 46;
	objects = {

/* Begin PBXBuildFile section */
		5B1507CB1D17EC4B00723CE8 /* main.m in Sources */ = {isa = PBXBuildFile; fileRef = 5B1507CA1D17EC4B00723CE8 /* main.m */; };
		5B1507CE1D17EC4B00723CE8 /* AppDelegate.m in Sources */ = {isa = PBXBuildFile; fileRef = 5B1507CD1D17EC4B00723CE8 /* AppDelegate.m */; };
		5B1507D61D17EC4B00723CE8 /* Assets.xcassets in Resources */ = {isa = PBXBuildFile; fileRef = 5B1507D51D17EC4B00723CE8 /* Assets.xcassets */; };
		5B1507D91D17EC4B00723CE8 /* LaunchScreen.storyboard in Resources */ = {isa = PBXBuildFile; fileRef = 5B1507D71D17EC4B00723CE8 /* LaunchScreen.storyboard */; };
		5B1507E31D17ED6000723CE8 /* ZCLuckyController.m in Sources */ = {isa = PBXBuildFile; fileRef = 5B1507E11D17ED6000723CE8 /* ZCLuckyController.m */; };
		5B1507E41D17ED6000723CE8 /* ZCLuckyController.xib in Resources */ = {isa = PBXBuildFile; fileRef = 5B1507E21D17ED6000723CE8 /* ZCLuckyController.xib */; };
		5B1507EB1D17FC7B00723CE8 /* ZCRotateView.xib in Resources */ = {isa = PBXBuildFile; fileRef = 5B1507EA1D17FC7B00723CE8 /* ZCRotateView.xib */; };
		5B1507EE1D17FC8C00723CE8 /* ZCRotateView.m in Sources */ = {isa = PBXBuildFile; fileRef = 5B1507ED1D17FC8C00723CE8 /* ZCRotateView.m */; };
/* End PBXBuildFile section */

/* Begin PBXFileReference section */
		5B1507C61D17EC4B00723CE8 /* 幸运转盘.app */ = {isa = PBXFileReference; explicitFileType = wrapper.application; includeInIndex = 0; path = "幸运转盘.app"; sourceTree = BUILT_PRODUCTS_DIR; };
		5B1507CA1D17EC4B00723CE8 /* main.m */ = {isa = PBXFileReference; lastKnownFileType = sourcecode.c.objc; path = main.m; sourceTree = "<group>"; };
		5B1507CC1D17EC4B00723CE8 /* AppDelegate.h */ = {isa = PBXFileReference; lastKnownFileType = sourcecode.c.h; path = AppDelegate.h; sourceTree = "<group>"; };
		5B1507CD1D17EC4B00723CE8 /* AppDelegate.m */ = {isa = PBXFileReference; lastKnownFileType = sourcecode.c.objc; path = AppDelegate.m; sourceTree = "<group>"; };
		5B1507D51D17EC4B00723CE8 /* Assets.xcassets */ = {isa = PBXFileReference; lastKnownFileType = folder.assetcatalog; path = Assets.xcassets; sourceTree = "<group>"; };
		5B1507D81D17EC4B00723CE8 /* Base */ = {isa = PBXFileReference; lastKnownFileType = file.storyboard; name = Base; path = Base.lproj/LaunchScreen.storyboard; sourceTree = "<group>"; };
		5B1507DA1D17EC4B00723CE8 /* Info.plist */ = {isa = PBXFileReference; lastKnownFileType = text.plist.xml; path = Info.plist; sourceTree = "<group>"; };
		5B1507E01D17ED6000723CE8 /* ZCLuckyController.h */ = {isa = PBXFileReference; fileEncoding = 4; lastKnownFileType = sourcecode.c.h; path = ZCLuckyController.h; sourceTree = "<group>"; };
		5B1507E11D17ED6000723CE8 /* ZCLuckyController.m */ = {isa = PBXFileReference; fileEncoding = 4; lastKnownFileType = sourcecode.c.objc; path = ZCLuckyController.m; sourceTree = "<group>"; };
		5B1507E21D17ED6000723CE8 /* ZCLuckyController.xib */ = {isa = PBXFileReference; fileEncoding = 4; lastKnownFileType = file.xib; path = ZCLuckyController.xib; sourceTree = "<group>"; };
		5B1507EA1D17FC7B00723CE8 /* ZCRotateView.xib */ = {isa = PBXFileReference; fileEncoding = 4; lastKnownFileType = file.xib; path = ZCRotateView.xib; sourceTree = "<group>"; };
		5B1507EC1D17FC8C00723CE8 /* ZCRotateView.h */ = {isa = PBXFileReference; fileEncoding = 4; lastKnownFileType = sourcecode.c.h; path = ZCRotateView.h; sourceTree = "<group>"; };
		5B1507ED1D17FC8C00723CE8 /* ZCRotateView.m */ = {isa = PBXFileReference; fileEncoding = 4; lastKnownFileType = sourcecode.c.objc; path = ZCRotateView.m; sourceTree = "<group>"; };
/* End PBXFileReference section */

/* Begin PBXFrameworksBuildPhase section */
		5B1507C31D17EC4B00723CE8 /* Frameworks */ = {
			isa = PBXFrameworksBuildPhase;
			buildActionMask = 2147483647;
			files = (
			);
			runOnlyForDeploymentPostprocessing = 0;
		};
/* End PBXFrameworksBuildPhase section */

/* Begin PBXGroup section */
		5B1507BD1D17EC4B00723CE8 = {
			isa = PBXGroup;
			children = (
				5B1507C81D17EC4B00723CE8 /* 幸运转盘 */,
				5B1507C71D17EC4B00723CE8 /* Products */,
			);
			sourceTree = "<group>";
		};
		5B1507C71D17EC4B00723CE8 /* Products */ = {
			isa = PBXGroup;
			children = (
				5B1507C61D17EC4B00723CE8 /* 幸运转盘.app */,
			);
			name = Products;
			sourceTree = "<group>";
		};
		5B1507C81D17EC4B00723CE8 /* 幸运转盘 */ = {
			isa = PBXGroup;
			children = (
				5B1507CC1D17EC4B00723CE8 /* AppDelegate.h */,
				5B1507CD1D17EC4B00723CE8 /* AppDelegate.m */,
				5B1507E51D17F38500723CE8 /* Controllers */,
				5B1507E91D17FBEF00723CE8 /* Views */,
				5B1507C91D17EC4B00723CE8 /* Supporting Files */,
			);
			path = "幸运转盘";
			sourceTree = "<group>";
		};
		5B1507C91D17EC4B00723CE8 /* Supporting Files */ = {
			isa = PBXGroup;
			children = (
				5B1507D51D17EC4B00723CE8 /* Assets.xcassets */,
				5B1507D71D17EC4B00723CE8 /* LaunchScreen.storyboard */,
				5B1507DA1D17EC4B00723CE8 /* Info.plist */,
				5B1507CA1D17EC4B00723CE8 /* main.m */,
			);
			name = "Supporting Files";
			sourceTree = "<group>";
		};
		5B1507E51D17F38500723CE8 /* Controllers */ = {
			isa = PBXGroup;
			children = (
				5B1507E01D17ED6000723CE8 /* ZCLuckyController.h */,
				5B1507E11D17ED6000723CE8 /* ZCLuckyController.m */,
				5B1507E21D17ED6000723CE8 /* ZCLuckyController.xib */,
			);
			name = Controllers;
			sourceTree = "<group>";
		};
		5B1507E91D17FBEF00723CE8 /* Views */ = {
			isa = PBXGroup;
			children = (
				5B1507EA1D17FC7B00723CE8 /* ZCRotateView.xib */,
				5B1507EC1D17FC8C00723CE8 /* ZCRotateView.h */,
				5B1507ED1D17FC8C00723CE8 /* ZCRotateView.m */,
			);
			name = Views;
			sourceTree = "<group>";
		};
/* End PBXGroup section */

/* Begin PBXNativeTarget section */
		5B1507C51D17EC4B00723CE8 /* 幸运转盘 */ = {
			isa = PBXNativeTarget;
			buildConfigurationList = 5B1507DD1D17EC4B00723CE8 /* Build configuration list for PBXNativeTarget "幸运转盘" */;
			buildPhases = (
				5B1507C21D17EC4B00723CE8 /* Sources */,
				5B1507C31D17EC4B00723CE8 /* Frameworks */,
				5B1507C41D17EC4B00723CE8 /* Resources */,
			);
			buildRules = (
			);
			dependencies = (
			);
			name = "幸运转盘";
			productName = "幸运转盘";
			productReference = 5B1507C61D17EC4B00723CE8 /* 幸运转盘.app */;
			productType = "com.apple.product-type.application";
		};
/* End PBXNativeTarget section */

/* Begin PBXProject section */
		5B1507BE1D17EC4B00723CE8 /* Project object */ = {
			isa = PBXProject;
			attributes = {
				CLASSPREFIX = ZC;
				LastUpgradeCheck = 0730;
				ORGANIZATIONNAME = itcast;
				TargetAttributes = {
					5B1507C51D17EC4B00723CE8 = {
						CreatedOnToolsVersion = 7.3.1;
					};
				};
			};
			buildConfigurationList = 5B1507C11D17EC4B00723CE8 /* Build configuration list for PBXProject "幸运转盘" */;
			compatibilityVersion = "Xcode 3.2";
			developmentRegion = English;
			hasScannedForEncodings = 0;
			knownRegions = (
				en,
				Base,
			);
			mainGroup = 5B1507BD1D17EC4B00723CE8;
			productRefGroup = 5B1507C71D17EC4B00723CE8 /* Products */;
			projectDirPath = "";
			projectRoot = "";
			targets = (
				5B1507C51D17EC4B00723CE8 /* 幸运转盘 */,
			);
		};
/* End PBXProject section */

/* Begin PBXResourcesBuildPhase section */
		5B1507C41D17EC4B00723CE8 /* Resources */ = {
			isa = PBXResourcesBuildPhase;
			buildActionMask = 2147483647;
			files = (
				5B1507EB1D17FC7B00723CE8 /* ZCRotateView.xib in Resources */,
				5B1507D91D17EC4B00723CE8 /* LaunchScreen.storyboard in Resources */,
				5B1507D61D17EC4B00723CE8 /* Assets.xcassets in Resources */,
				5B1507E41D17ED6000723CE8 /* ZCLuckyController.xib in Resources */,
			);
			runOnlyForDeploymentPostprocessing = 0;
		};
/* End PBXResourcesBuildPhase section */

/* Begin PBXSourcesBuildPhase section */
		5B1507C21D17EC4B00723CE8 /* Sources */ = {
			isa = PBXSourcesBuildPhase;
			buildActionMask = 2147483647;
			files = (
				5B1507EE1D17FC8C00723CE8 /* ZCRotateView.m in Sources */,
				5B1507CE1D17EC4B00723CE8 /* AppDelegate.m in Sources */,
				5B1507E31D17ED6000723CE8 /* ZCLuckyController.m in Sources */,
				5B1507CB1D17EC4B00723CE8 /* main.m in Sources */,
			);
			runOnlyForDeploymentPostprocessing = 0;
		};
/* End PBXSourcesBuildPhase section */

/* Begin PBXVariantGroup section */
		5B1507D71D17EC4B00723CE8 /* LaunchScreen.storyboard */ = {
			isa = PBXVariantGroup;
			children = (
				5B1507D81D17EC4B00723CE8 /* Base */,
			);
			name = LaunchScreen.storyboard;
			sourceTree = "<group>";
		};
/* End PBXVariantGroup section */

/* Begin XCBuildConfiguration section */
		5B1507DB1D17EC4B00723CE8 /* Debug */ = {
			isa = XCBuildConfiguration;
			buildSettings = {
				ALWAYS_SEARCH_USER_PATHS = NO;
				CLANG_ANALYZER_NONNULL = YES;
				CLANG_CXX_LANGUAGE_STANDARD = "gnu++0x";
				CLANG_CXX_LIBRARY = "libc++";
				CLANG_ENABLE_MODULES = YES;
				CLANG_ENABLE_OBJC_ARC = YES;
				CLANG_WARN_BOOL_CONVERSION = YES;
				CLANG_WARN_CONSTANT_CONVERSION = YES;
				CLANG_WARN_DIRECT_OBJC_ISA_USAGE = YES_ERROR;
				CLANG_WARN_EMPTY_BODY = YES;
				CLANG_WARN_ENUM_CONVERSION = YES;
				CLANG_WARN_INT_CONVERSION = YES;
				CLANG_WARN_OBJC_ROOT_CLASS = YES_ERROR;
				CLANG_WARN_UNREACHABLE_CODE = YES;
				CLANG_WARN__DUPLICATE_METHOD_MATCH = YES;
				"CODE_SIGN_IDENTITY[sdk=iphoneos*]" = "iPhone Developer";
				COPY_PHASE_STRIP = NO;
				DEBUG_INFORMATION_FORMAT = dwarf;
				ENABLE_STRICT_OBJC_MSGSEND = YES;
				ENABLE_TESTABILITY = YES;
				GCC_C_LANGUAGE_STANDARD = gnu99;
				GCC_DYNAMIC_NO_PIC = NO;
				GCC_NO_COMMON_BLOCKS = YES;
				GCC_OPTIMIZATION_LEVEL = 0;
				GCC_PREPROCESSOR_DEFINITIONS = (
					"DEBUG=1",
					"$(inherited)",
				);
				GCC_WARN_64_TO_32_BIT_CONVERSION = YES;
				GCC_WARN_ABOUT_RETURN_TYPE = YES_ERROR;
				GCC_WARN_UNDECLARED_SELECTOR = YES;
				GCC_WARN_UNINITIALIZED_AUTOS = YES_AGGRESSIVE;
				GCC_WARN_UNUSED_FUNCTION = YES;
				GCC_WARN_UNUSED_VARIABLE = YES;
				IPHONEOS_DEPLOYMENT_TARGET = 9.3;
				MTL_ENABLE_DEBUG_INFO = YES;
				ONLY_ACTIVE_ARCH = YES;
				SDKROOT = iphoneos;
			};
			name = Debug;
		};
		5B1507DC1D17EC4B00723CE8 /* Release */ = {
			isa = XCBuildConfiguration;
			buildSettings = {
				ALWAYS_SEARCH_USER_PATHS = NO;
				CLANG_ANALYZER_NONNULL = YES;
				CLANG_CXX_LANGUAGE_STANDARD = "gnu++0x";
				CLANG_CXX_LIBRARY = "libc++";
				CLANG_ENABLE_MODULES = YES;
				CLANG_ENABLE_OBJC_ARC = YES;
				CLANG_WARN_BOOL_CONVERSION = YES;
				CLANG_WARN_CONSTANT_CONVERSION = YES;
				CLANG_WARN_DIRECT_OBJC_ISA_USAGE = YES_ERROR;
				CLANG_WARN_EMPTY_BODY = YES;
				CLANG_WARN_ENUM_CONVERSION = YES;
				CLANG_WARN_INT_CONVERSION = YES;
				CLANG_WARN_OBJC_ROOT_CLASS = YES_ERROR;
				CLANG_WARN_UNREACHABLE_CODE = YES;
				CLANG_WARN__DUPLICATE_METHOD_MATCH = YES;
				"CODE_SIGN_IDENTITY[sdk=iphoneos*]" = "iPhone Developer";
				COPY_PHASE_STRIP = NO;
				DEBUG_INFORMATION_FORMAT = "dwarf-with-dsym";
				ENABLE_NS_ASSERTIONS = NO;
				ENABLE_STRICT_OBJC_MSGSEND = YES;
				GCC_C_LANGUAGE_STANDARD = gnu99;
				GCC_NO_COMMON_BLOCKS = YES;
				GCC_WARN_64_TO_32_BIT_CONVERSION = YES;
				GCC_WARN_ABOUT_RETURN_TYPE = YES_ERROR;
				GCC_WARN_UNDECLARED_SELECTOR = YES;
				GCC_WARN_UNINITIALIZED_AUTOS = YES_AGGRESSIVE;
				GCC_WARN_UNUSED_FUNCTION = YES;
				GCC_WARN_UNUSED_VARIABLE = YES;
				IPHONEOS_DEPLOYMENT_TARGET = 9.3;
				MTL_ENABLE_DEBUG_INFO = NO;
				SDKROOT = iphoneos;
				VALIDATE_PRODUCT = YES;
			};
			name = Release;
		};
		5B1507DE1D17EC4B00723CE8 /* Debug */ = {
			isa = XCBuildConfiguration;
			buildSettings = {
				ASSETCATALOG_COMPILER_APPICON_NAME = AppIcon;
				INFOPLIST_FILE = "幸运转盘/Info.plist";
				LD_RUNPATH_SEARCH_PATHS = "$(inherited) @executable_path/Frameworks";
				PRODUCT_BUNDLE_IDENTIFIER = "com.itcast.----";
				PRODUCT_NAME = "$(TARGET_NAME)";
			};
			name = Debug;
		};
		5B1507DF1D17EC4B00723CE8 /* Release */ = {
			isa = XCBuildConfiguration;
			buildSettings = {
				ASSETCATALOG_COMPILER_APPICON_NAME = AppIcon;
				INFOPLIST_FILE = "幸运转盘/Info.plist";
				LD_RUNPATH_SEARCH_PATHS = "$(inherited) @executable_path/Frameworks";
				PRODUCT_BUNDLE_IDENTIFIER = "com.itcast.----";
				PRODUCT_NAME = "$(TARGET_NAME)";
			};
			name = Release;
		};
/* End XCBuildConfiguration section */

/* Begin XCConfigurationList section */
		5B1507C11D17EC4B00723CE8 /* Build configuration list for PBXProject "幸运转盘" */ = {
			isa = XCConfigurationList;
			buildConfigurations = (
				5B1507DB1D17EC4B00723CE8 /* Debug */,
				5B1507DC1D17EC4B00723CE8 /* Release */,
			);
			defaultConfigurationIsVisible = 0;
			defaultConfigurationName = Release;
		};
		5B1507DD1D17EC4B00723CE8 /* Build configuration list for PBXNativeTarget "幸运转盘" */ = {
			isa = XCConfigurationList;
			buildConfigurations = (
				5B1507DE1D17EC4B00723CE8 /* Debug */,
				5B1507DF1D17EC4B00723CE8 /* Release */,
			);
			defaultConfigurationIsVisible = 0;
		};
/* End XCConfigurationList section */
	};
	rootObject = 5B1507BE1D17EC4B00723CE8 /* Project object */;
}
